
Microsoft Visual Studio Solution File, Format Version 12.00
# Visual Studio Version 17
VisualStudioVersion = 17.7.34009.444
MinimumVisualStudioVersion = 10.0.40219.1
Project("{9A19103F-16F7-4668-BE54-9A1E7A4F7556}") = "MovieSearchApp_WebApi", "Movie_Search_App_WebApi\MovieSearchApp_WebApi.csproj", "{92E5A63B-ACE7-4F59-9C82-F41A4B5C0ACE}"
EndProject
Global
	GlobalSection(SolutionConfigurationPlatforms) = preSolution
		Debug|Any CPU = Debug|Any CPU
		Release|Any CPU = Release|Any CPU
	EndGlobalSection
	GlobalSection(ProjectConfigurationPlatforms) = postSolution
		{92E5A63B-ACE7-4F59-9C82-F41A4B5C0ACE}.Debug|Any CPU.ActiveCfg = Debug|Any CPU
		{92E5A63B-ACE7-4F59-9C82-F41A4B5C0ACE}.Debug|Any CPU.Build.0 = Debug|Any CPU
		{92E5A63B-ACE7-4F59-9C82-F41A4B5C0ACE}.Release|Any CPU.ActiveCfg = Release|Any CPU
		{92E5A63B-ACE7-4F59-9C82-F41A4B5C0ACE}.Release|Any CPU.Build.0 = Release|Any CPU
	EndGlobalSection
	GlobalSection(SolutionProperties) = preSolution
		HideSolutionNode = FALSE
	EndGlobalSection
	GlobalSection(ExtensibilityGlobals) = postSolution
		SolutionGuid = {6DF00E0A-1258-474A-85EE-E3981B4A3914}
	EndGlobalSection
EndGlobal
